
Microsoft Visual Studio Solution File, Format Version 12.00
# Visual Studio Version 16
VisualStudioVersion = 16.0.810.16
MinimumVisualStudioVersion = 10.0.40219.1
Project("{FAE04EC0-301F-11D3-BF4B-00C04F79EFBC}") = "myFirstAspNetApp", "myFirstAspNetApp\myFirstAspNetApp.csproj", "{F13D326B-82D3-4705-A827-9263D97082D4}"
EndProject
Global
	GlobalSection(SolutionConfigurationPlatforms) = preSolution
		Debug|Any CPU = Debug|Any CPU
		Release|Any CPU = Release|Any CPU
	EndGlobalSection
	GlobalSection(ProjectConfigurationPlatforms) = postSolution
		{F13D326B-82D3-4705-A827-9263D97082D4}.Debug|Any CPU.ActiveCfg = Debug|Any CPU
		{F13D326B-82D3-4705-A827-9263D97082D4}.Debug|Any CPU.Build.0 = Debug|Any CPU
		{F13D326B-82D3-4705-A827-9263D97082D4}.Release|Any CPU.ActiveCfg = Release|Any CPU
		{F13D326B-82D3-4705-A827-9263D97082D4}.Release|Any CPU.Build.0 = Release|Any CPU
	EndGlobalSection
	GlobalSection(SolutionProperties) = preSolution
		HideSolutionNode = FALSE
	EndGlobalSection
	GlobalSection(ExtensibilityGlobals) = postSolution
		SolutionGuid = {937F68C8-54FE-41FF-978E-72450844E2F5}
	EndGlobalSection
EndGlobal
